
Microsoft Visual Studio Solution File, Format Version 12.00
# Visual Studio Version 16
VisualStudioVersion = 16.0.29519.87
MinimumVisualStudioVersion = 10.0.40219.1
Project("{FAE04EC0-301F-11D3-BF4B-00C04F79EFBC}") = "MWPManager", "MWPManager\MWPManager.csproj", "{1F7CEA1E-3226-42D0-82DD-667E67403EDA}"
EndProject
Global
	GlobalSection(SolutionConfigurationPlatforms) = preSolution
		Debug|Any CPU = Debug|Any CPU
		Release|Any CPU = Release|Any CPU
	EndGlobalSection
	GlobalSection(ProjectConfigurationPlatforms) = postSolution
		{1F7CEA1E-3226-42D0-82DD-667E67403EDA}.Debug|Any CPU.ActiveCfg = Debug|Any CPU
		{1F7CEA1E-3226-42D0-82DD-667E67403EDA}.Debug|Any CPU.Build.0 = Debug|Any CPU
		{1F7CEA1E-3226-42D0-82DD-667E67403EDA}.Release|Any CPU.ActiveCfg = Release|Any CPU
		{1F7CEA1E-3226-42D0-82DD-667E67403EDA}.Release|Any CPU.Build.0 = Release|Any CPU
	EndGlobalSection
	GlobalSection(SolutionProperties) = preSolution
		HideSolutionNode = FALSE
	EndGlobalSection
	GlobalSection(ExtensibilityGlobals) = postSolution
		SolutionGuid = {A3ACEA5F-8473-4C68-83E8-1FF683C722E9}
	EndGlobalSection
EndGlobal
